
Microsoft Visual Studio Solution File, Format Version 12.00
# Visual Studio Version 16
VisualStudioVersion = 16.0.29519.87
MinimumVisualStudioVersion = 10.0.40219.1
Project("{9A19103F-16F7-4668-BE54-9A1E7A4F7556}") = "RestTests", "..\RestTests\RestTests.csproj", "{E7D12739-A649-4122-9EB7-3D9BFA5DBE6F}"
EndProject
Project("{9A19103F-16F7-4668-BE54-9A1E7A4F7556}") = "RestLib", "..\RestLib\RestLib.csproj", "{8B3568F6-96D4-4F7F-B9A7-BE0D51518997}"
EndProject
Project("{9A19103F-16F7-4668-BE54-9A1E7A4F7556}") = "RestWallSite", "..\RestWallSite\RestWallSite.csproj", "{1C16E58A-E4C2-4136-9640-44873E2C5650}"
EndProject
Project("{9A19103F-16F7-4668-BE54-9A1E7A4F7556}") = "RestWallAPI", "RestWallAPI.csproj", "{60460755-12B5-47D4-A57A-19FCAD6B0B9F}"
EndProject
Global
	GlobalSection(SolutionConfigurationPlatforms) = preSolution
		Debug|Any CPU = Debug|Any CPU
		Release|Any CPU = Release|Any CPU
	EndGlobalSection
	GlobalSection(ProjectConfigurationPlatforms) = postSolution
		{E7D12739-A649-4122-9EB7-3D9BFA5DBE6F}.Debug|Any CPU.ActiveCfg = Debug|Any CPU
		{E7D12739-A649-4122-9EB7-3D9BFA5DBE6F}.Debug|Any CPU.Build.0 = Debug|Any CPU
		{E7D12739-A649-4122-9EB7-3D9BFA5DBE6F}.Release|Any CPU.ActiveCfg = Release|Any CPU
		{E7D12739-A649-4122-9EB7-3D9BFA5DBE6F}.Release|Any CPU.Build.0 = Release|Any CPU
		{8B3568F6-96D4-4F7F-B9A7-BE0D51518997}.Debug|Any CPU.ActiveCfg = Debug|Any CPU
		{8B3568F6-96D4-4F7F-B9A7-BE0D51518997}.Debug|Any CPU.Build.0 = Debug|Any CPU
		{8B3568F6-96D4-4F7F-B9A7-BE0D51518997}.Release|Any CPU.ActiveCfg = Release|Any CPU
		{8B3568F6-96D4-4F7F-B9A7-BE0D51518997}.Release|Any CPU.Build.0 = Release|Any CPU
		{1C16E58A-E4C2-4136-9640-44873E2C5650}.Debug|Any CPU.ActiveCfg = Debug|Any CPU
		{1C16E58A-E4C2-4136-9640-44873E2C5650}.Debug|Any CPU.Build.0 = Debug|Any CPU
		{1C16E58A-E4C2-4136-9640-44873E2C5650}.Release|Any CPU.ActiveCfg = Release|Any CPU
		{1C16E58A-E4C2-4136-9640-44873E2C5650}.Release|Any CPU.Build.0 = Release|Any CPU
		{60460755-12B5-47D4-A57A-19FCAD6B0B9F}.Debug|Any CPU.ActiveCfg = Debug|Any CPU
		{60460755-12B5-47D4-A57A-19FCAD6B0B9F}.Debug|Any CPU.Build.0 = Debug|Any CPU
		{60460755-12B5-47D4-A57A-19FCAD6B0B9F}.Release|Any CPU.ActiveCfg = Release|Any CPU
		{60460755-12B5-47D4-A57A-19FCAD6B0B9F}.Release|Any CPU.Build.0 = Release|Any CPU
	EndGlobalSection
	GlobalSection(SolutionProperties) = preSolution
		HideSolutionNode = FALSE
	EndGlobalSection
	GlobalSection(ExtensibilityGlobals) = postSolution
		SolutionGuid = {79B3869F-E6E3-426D-B8E8-ED594DAC21D2}
	EndGlobalSection
EndGlobal
